{
  "R": {
    "Version": "4.0.3",
    "Repositories": [
      {
        "Name": "CRAN",
        "URL": "https://demo.rstudiopm.com/cran/latest"
      }
    ]
  },
  "Packages": {
    "renv": {
      "Package": "renv",
      "Version": "0.10.0",
      "Source": "Repository",
      "Repository": "CRAN",
      "Hash": "0d3f1c2b63e70b3d918246b4e2ca59b7"
    }
  }
}
