{
  "R": {
    "Version": "4.0.2",
    "Repositories": [
      {
        "Name": "CRAN",
        "URL": "https://demo.rstudiopm.com/cran/latest"
      }
    ]
  },
  "Packages": {
    "data.table": {
      "Package": "data.table",
      "Version": "1.14.0",
      "Source": "Repository",
      "Repository": "RSPM",
      "Hash": "d1b8b1a821ee564a3515fa6c6d5c52dc"
    },
    "renv": {
      "Package": "renv",
      "Version": "0.10.0",
      "Source": "Repository",
      "Repository": "CRAN",
      "Hash": "0d3f1c2b63e70b3d918246b4e2ca59b7"
    }
  }
}
